
Microsoft Visual Studio Solution File, Format Version 12.00
# Visual Studio Version 16
VisualStudioVersion = 16.0.30503.244
MinimumVisualStudioVersion = 10.0.40219.1
Project("{FAE04EC0-301F-11D3-BF4B-00C04F79EFBC}") = "MGShieldBoostFix", "MGShieldBoostFix\MGShieldBoostFix.csproj", "{425F8054-33DC-4E07-B9B2-7E8F14FE2FAE}"
EndProject
Global
	GlobalSection(SolutionConfigurationPlatforms) = preSolution
		Debug|Any CPU = Debug|Any CPU
		Release|Any CPU = Release|Any CPU
	EndGlobalSection
	GlobalSection(ProjectConfigurationPlatforms) = postSolution
		{425F8054-33DC-4E07-B9B2-7E8F14FE2FAE}.Debug|Any CPU.ActiveCfg = Debug|Any CPU
		{425F8054-33DC-4E07-B9B2-7E8F14FE2FAE}.Debug|Any CPU.Build.0 = Debug|Any CPU
		{425F8054-33DC-4E07-B9B2-7E8F14FE2FAE}.Release|Any CPU.ActiveCfg = Release|Any CPU
		{425F8054-33DC-4E07-B9B2-7E8F14FE2FAE}.Release|Any CPU.Build.0 = Release|Any CPU
	EndGlobalSection
	GlobalSection(SolutionProperties) = preSolution
		HideSolutionNode = FALSE
	EndGlobalSection
	GlobalSection(ExtensibilityGlobals) = postSolution
		SolutionGuid = {0C85AC62-2247-492E-BC90-BCA1B78E44C9}
	EndGlobalSection
EndGlobal
